
Microsoft Visual Studio Solution File, Format Version 12.00
# Visual Studio Version 17
VisualStudioVersion = 17.4.33122.133
MinimumVisualStudioVersion = 10.0.40219.1
Project("{FAE04EC0-301F-11D3-BF4B-00C04F79EFBC}") = "KSAPCon", "KSAPCon.csproj", "{108A1623-7E07-498E-9AF5-34F52005255D}"
EndProject
Global
	GlobalSection(SolutionConfigurationPlatforms) = preSolution
		Debug|Any CPU = Debug|Any CPU
		Debug|x86 = Debug|x86
		Release|Any CPU = Release|Any CPU
		Release|x86 = Release|x86
	EndGlobalSection
	GlobalSection(ProjectConfigurationPlatforms) = postSolution
		{108A1623-7E07-498E-9AF5-34F52005255D}.Debug|Any CPU.ActiveCfg = Debug|Any CPU
		{108A1623-7E07-498E-9AF5-34F52005255D}.Debug|Any CPU.Build.0 = Debug|Any CPU
		{108A1623-7E07-498E-9AF5-34F52005255D}.Debug|x86.ActiveCfg = Debug|x86
		{108A1623-7E07-498E-9AF5-34F52005255D}.Debug|x86.Build.0 = Debug|x86
		{108A1623-7E07-498E-9AF5-34F52005255D}.Release|Any CPU.ActiveCfg = Release|Any CPU
		{108A1623-7E07-498E-9AF5-34F52005255D}.Release|Any CPU.Build.0 = Release|Any CPU
		{108A1623-7E07-498E-9AF5-34F52005255D}.Release|x86.ActiveCfg = Release|x86
		{108A1623-7E07-498E-9AF5-34F52005255D}.Release|x86.Build.0 = Release|x86
	EndGlobalSection
	GlobalSection(SolutionProperties) = preSolution
		HideSolutionNode = FALSE
	EndGlobalSection
	GlobalSection(ExtensibilityGlobals) = postSolution
		SolutionGuid = {936EA3F1-DA35-454E-B3B0-C316C54ACB94}
	EndGlobalSection
EndGlobal
